
Microsoft Visual Studio Solution File, Format Version 12.00
# Visual Studio Version 17
VisualStudioVersion = 17.3.32922.545
MinimumVisualStudioVersion = 10.0.40219.1
Project("{8BC9CEB8-8B4A-11D0-8D11-00A0C91BC942}") = "CopiumRenderer", "projects\CopiumRenderer\CopiumRenderer.vcxproj", "{345C7AEF-B820-4AD4-B5C3-596BC9D3C332}"
EndProject
Project("{8BC9CEB8-8B4A-11D0-8D11-00A0C91BC942}") = "Test Bench", "projects\Test Bench\Test Bench.vcxproj", "{05CCA91E-CEF6-429F-97FA-DF474DCF27B9}"
EndProject
Project("{8BC9CEB8-8B4A-11D0-8D11-00A0C91BC942}") = "CopiumIO", "CopiumIO\CopiumIO.vcxproj", "{1CF989D1-36E4-4F9D-B511-352025811A6B}"
EndProject
Global
	GlobalSection(SolutionConfigurationPlatforms) = preSolution
		Debug|x64 = Debug|x64
		Debug|x86 = Debug|x86
		Release|x64 = Release|x64
		Release|x86 = Release|x86
	EndGlobalSection
	GlobalSection(ProjectConfigurationPlatforms) = postSolution
		{345C7AEF-B820-4AD4-B5C3-596BC9D3C332}.Debug|x64.ActiveCfg = Debug|x64
		{345C7AEF-B820-4AD4-B5C3-596BC9D3C332}.Debug|x64.Build.0 = Debug|x64
		{345C7AEF-B820-4AD4-B5C3-596BC9D3C332}.Debug|x86.ActiveCfg = Debug|Win32
		{345C7AEF-B820-4AD4-B5C3-596BC9D3C332}.Debug|x86.Build.0 = Debug|Win32
		{345C7AEF-B820-4AD4-B5C3-596BC9D3C332}.Release|x64.ActiveCfg = Release|x64
		{345C7AEF-B820-4AD4-B5C3-596BC9D3C332}.Release|x64.Build.0 = Release|x64
		{345C7AEF-B820-4AD4-B5C3-596BC9D3C332}.Release|x86.ActiveCfg = Release|Win32
		{345C7AEF-B820-4AD4-B5C3-596BC9D3C332}.Release|x86.Build.0 = Release|Win32
		{05CCA91E-CEF6-429F-97FA-DF474DCF27B9}.Debug|x64.ActiveCfg = Debug|x64
		{05CCA91E-CEF6-429F-97FA-DF474DCF27B9}.Debug|x64.Build.0 = Debug|x64
		{05CCA91E-CEF6-429F-97FA-DF474DCF27B9}.Debug|x86.ActiveCfg = Debug|Win32
		{05CCA91E-CEF6-429F-97FA-DF474DCF27B9}.Debug|x86.Build.0 = Debug|Win32
		{05CCA91E-CEF6-429F-97FA-DF474DCF27B9}.Release|x64.ActiveCfg = Release|x64
		{05CCA91E-CEF6-429F-97FA-DF474DCF27B9}.Release|x64.Build.0 = Release|x64
		{05CCA91E-CEF6-429F-97FA-DF474DCF27B9}.Release|x86.ActiveCfg = Release|Win32
		{05CCA91E-CEF6-429F-97FA-DF474DCF27B9}.Release|x86.Build.0 = Release|Win32
		{1CF989D1-36E4-4F9D-B511-352025811A6B}.Debug|x64.ActiveCfg = Debug|x64
		{1CF989D1-36E4-4F9D-B511-352025811A6B}.Debug|x64.Build.0 = Debug|x64
		{1CF989D1-36E4-4F9D-B511-352025811A6B}.Debug|x86.ActiveCfg = Debug|Win32
		{1CF989D1-36E4-4F9D-B511-352025811A6B}.Debug|x86.Build.0 = Debug|Win32
		{1CF989D1-36E4-4F9D-B511-352025811A6B}.Release|x64.ActiveCfg = Release|x64
		{1CF989D1-36E4-4F9D-B511-352025811A6B}.Release|x64.Build.0 = Release|x64
		{1CF989D1-36E4-4F9D-B511-352025811A6B}.Release|x86.ActiveCfg = Release|Win32
		{1CF989D1-36E4-4F9D-B511-352025811A6B}.Release|x86.Build.0 = Release|Win32
	EndGlobalSection
	GlobalSection(SolutionProperties) = preSolution
		HideSolutionNode = FALSE
	EndGlobalSection
	GlobalSection(ExtensibilityGlobals) = postSolution
		SolutionGuid = {345FB636-2D57-4AE7-88F5-B3F9082D6281}
	EndGlobalSection
EndGlobal
